
Microsoft Visual Studio Solution File, Format Version 12.00
# Visual Studio Version 16
VisualStudioVersion = 16.0.30717.126
MinimumVisualStudioVersion = 10.0.40219.1
Project("{FAE04EC0-301F-11D3-BF4B-00C04F79EFBC}") = "117", "117.csproj", "{A23C08AD-F5B3-4776-9637-27D3E10452F0}"
EndProject
Global
	GlobalSection(SolutionConfigurationPlatforms) = preSolution
		Debug|Any CPU = Debug|Any CPU
		Release|Any CPU = Release|Any CPU
	EndGlobalSection
	GlobalSection(ProjectConfigurationPlatforms) = postSolution
		{A23C08AD-F5B3-4776-9637-27D3E10452F0}.Debug|Any CPU.ActiveCfg = Debug|Any CPU
		{A23C08AD-F5B3-4776-9637-27D3E10452F0}.Debug|Any CPU.Build.0 = Debug|Any CPU
		{A23C08AD-F5B3-4776-9637-27D3E10452F0}.Release|Any CPU.ActiveCfg = Release|Any CPU
		{A23C08AD-F5B3-4776-9637-27D3E10452F0}.Release|Any CPU.Build.0 = Release|Any CPU
	EndGlobalSection
	GlobalSection(SolutionProperties) = preSolution
		HideSolutionNode = FALSE
	EndGlobalSection
	GlobalSection(ExtensibilityGlobals) = postSolution
		SolutionGuid = {3635D047-1889-4F49-93DD-E5DB723D256E}
	EndGlobalSection
EndGlobal
