
Microsoft Visual Studio Solution File, Format Version 12.00
# Visual Studio Version 16
VisualStudioVersion = 16.0.30717.126
MinimumVisualStudioVersion = 10.0.40219.1
Project("{FAE04EC0-301F-11D3-BF4B-00C04F79EFBC}") = "Ejer58", "Ejer58\Ejer58.csproj", "{6F24BF19-FAB1-45BC-ACCA-8032C68BFA27}"
EndProject
Global
	GlobalSection(SolutionConfigurationPlatforms) = preSolution
		Debug|Any CPU = Debug|Any CPU
		Release|Any CPU = Release|Any CPU
	EndGlobalSection
	GlobalSection(ProjectConfigurationPlatforms) = postSolution
		{6F24BF19-FAB1-45BC-ACCA-8032C68BFA27}.Debug|Any CPU.ActiveCfg = Debug|Any CPU
		{6F24BF19-FAB1-45BC-ACCA-8032C68BFA27}.Debug|Any CPU.Build.0 = Debug|Any CPU
		{6F24BF19-FAB1-45BC-ACCA-8032C68BFA27}.Release|Any CPU.ActiveCfg = Release|Any CPU
		{6F24BF19-FAB1-45BC-ACCA-8032C68BFA27}.Release|Any CPU.Build.0 = Release|Any CPU
	EndGlobalSection
	GlobalSection(SolutionProperties) = preSolution
		HideSolutionNode = FALSE
	EndGlobalSection
	GlobalSection(ExtensibilityGlobals) = postSolution
		SolutionGuid = {E0D37FAF-CBCC-4274-9ED9-E6D258664E62}
	EndGlobalSection
EndGlobal
