
Microsoft Visual Studio Solution File, Format Version 12.00
# Visual Studio Version 16
VisualStudioVersion = 16.0.30611.23
MinimumVisualStudioVersion = 10.0.40219.1
Project("{FAE04EC0-301F-11D3-BF4B-00C04F79EFBC}") = "120", "120.csproj", "{726D257F-62D3-4D69-9035-B0A9F7448793}"
EndProject
Global
	GlobalSection(SolutionConfigurationPlatforms) = preSolution
		Debug|Any CPU = Debug|Any CPU
		Release|Any CPU = Release|Any CPU
	EndGlobalSection
	GlobalSection(ProjectConfigurationPlatforms) = postSolution
		{726D257F-62D3-4D69-9035-B0A9F7448793}.Debug|Any CPU.ActiveCfg = Debug|Any CPU
		{726D257F-62D3-4D69-9035-B0A9F7448793}.Debug|Any CPU.Build.0 = Debug|Any CPU
		{726D257F-62D3-4D69-9035-B0A9F7448793}.Release|Any CPU.ActiveCfg = Release|Any CPU
		{726D257F-62D3-4D69-9035-B0A9F7448793}.Release|Any CPU.Build.0 = Release|Any CPU
	EndGlobalSection
	GlobalSection(SolutionProperties) = preSolution
		HideSolutionNode = FALSE
	EndGlobalSection
	GlobalSection(ExtensibilityGlobals) = postSolution
		SolutionGuid = {292EC95D-B523-4230-92FC-3B3E44BABBEC}
	EndGlobalSection
EndGlobal
